
Microsoft Visual Studio Solution File, Format Version 12.00
# Visual Studio Version 17
VisualStudioVersion = 17.4.33110.190
MinimumVisualStudioVersion = 10.0.40219.1
Project("{FAE04EC0-301F-11D3-BF4B-00C04F79EFBC}") = "MyMovieSearch", "MyMovieSearch.csproj", "{5A09E159-B461-4BF1-AAC4-3C6B0657609B}"
EndProject
Global
	GlobalSection(SolutionConfigurationPlatforms) = preSolution
		Debug|Any CPU = Debug|Any CPU
		Release|Any CPU = Release|Any CPU
	EndGlobalSection
	GlobalSection(ProjectConfigurationPlatforms) = postSolution
		{5A09E159-B461-4BF1-AAC4-3C6B0657609B}.Debug|Any CPU.ActiveCfg = Debug|Any CPU
		{5A09E159-B461-4BF1-AAC4-3C6B0657609B}.Debug|Any CPU.Build.0 = Debug|Any CPU
		{5A09E159-B461-4BF1-AAC4-3C6B0657609B}.Release|Any CPU.ActiveCfg = Release|Any CPU
		{5A09E159-B461-4BF1-AAC4-3C6B0657609B}.Release|Any CPU.Build.0 = Release|Any CPU
	EndGlobalSection
	GlobalSection(SolutionProperties) = preSolution
		HideSolutionNode = FALSE
	EndGlobalSection
	GlobalSection(ExtensibilityGlobals) = postSolution
		SolutionGuid = {8D8BA7BC-A93D-48C4-8F15-61E269A5B4B9}
	EndGlobalSection
EndGlobal
