
Microsoft Visual Studio Solution File, Format Version 12.00
# Visual Studio Version 17
VisualStudioVersion = 17.4.33110.190
MinimumVisualStudioVersion = 10.0.40219.1
Project("{FAE04EC0-301F-11D3-BF4B-00C04F79EFBC}") = "MyMovieClearData", "MyMovieClearData.csproj", "{B2B249DF-AE48-42D2-AD14-C33849F22E14}"
EndProject
Global
	GlobalSection(SolutionConfigurationPlatforms) = preSolution
		Debug|Any CPU = Debug|Any CPU
		Release|Any CPU = Release|Any CPU
	EndGlobalSection
	GlobalSection(ProjectConfigurationPlatforms) = postSolution
		{B2B249DF-AE48-42D2-AD14-C33849F22E14}.Debug|Any CPU.ActiveCfg = Debug|Any CPU
		{B2B249DF-AE48-42D2-AD14-C33849F22E14}.Debug|Any CPU.Build.0 = Debug|Any CPU
		{B2B249DF-AE48-42D2-AD14-C33849F22E14}.Release|Any CPU.ActiveCfg = Release|Any CPU
		{B2B249DF-AE48-42D2-AD14-C33849F22E14}.Release|Any CPU.Build.0 = Release|Any CPU
	EndGlobalSection
	GlobalSection(SolutionProperties) = preSolution
		HideSolutionNode = FALSE
	EndGlobalSection
	GlobalSection(ExtensibilityGlobals) = postSolution
		SolutionGuid = {12061041-AF75-4817-AA84-F689F58E2CF3}
	EndGlobalSection
EndGlobal
